Microsoft Visual Studio Solution File, Format Version 12.00
# Visual Studio Version 16
VisualStudioVersion = 16.0.30503.244
MinimumVisualStudioVersion = 10.0.40219.1
Project("{FAE04EC0-301F-11D3-BF4B-00C04F79EFBC}") = "SynSys.GSpreadsheetEasyAccess", "src\SynSys.GSpreadsheetEasyAccess\SynSys.GSpreadsheetEasyAccess.csproj", "{8EE7435F-F9B5-4434-981A-077C73B31351}"
EndProject
Project("{2150E333-8FDC-42A3-9474-1A3956D46DE8}") = "src", "src", "{21C09F8E-A1B4-4779-8998-14885DDE78FD}"
EndProject
Project("{2150E333-8FDC-42A3-9474-1A3956D46DE8}") = "examples", "examples", "{4100EF45-C65E-477F-9549-357E5E12DC5B}"
EndProject
Project("{888888A0-9F3D-457C-B088-3A5042F75D52}") = "IronPythonApp", "examples\IronPythonApp\IronPythonApp.pyproj", "{AA13417E-1AC7-493B-8F3C-7E265170235E}"
EndProject
Project("{FAE04EC0-301F-11D3-BF4B-00C04F79EFBC}") = "SimpleSheetConsoleApp", "examples\SimpleSheetConsoleApp\SimpleSheetConsoleApp.csproj", "{7329ED5A-BAE7-401D-8832-AFE7529FE5C1}"
EndProject
Project("{FAE04EC0-301F-11D3-BF4B-00C04F79EFBC}") = "SheetWithHeadConsoleApp", "examples\SheetWithHeadConsoleApp\SheetWithHeadConsoleApp.csproj", "{F32295A3-6F3D-4D79-8FC8-BB25ABE346E9}"
EndProject
Project("{FAE04EC0-301F-11D3-BF4B-00C04F79EFBC}") = "SheetWithHeadAndKeyConsoleApp", "examples\SheetWithHeadAndKeyConsoleApp\SheetWithHeadAndKeyConsoleApp.csproj", "{012DF087-3069-48FC-BE50-F27E6B1E940C}"
EndProject
Project("{FAE04EC0-301F-11D3-BF4B-00C04F79EFBC}") = "SerializationSheetModelConsoleApp", "examples\SerializationSheetModelConsoleApp\SerializationSheetModelConsoleApp.csproj", "{14F235BC-153E-4981-AD58-20E3EDD2DFBF}"
EndProject
Project("{2150E333-8FDC-42A3-9474-1A3956D46DE8}") = "build", "build", "{22895566-9C73-4BEF-9064-A0A5E55DFA0A}"
	ProjectSection(SolutionItems) = preProject
		build\build-package.bat = build\build-package.bat
	EndProjectSection
EndProject
Project("{2150E333-8FDC-42A3-9474-1A3956D46DE8}") = "tests", "tests", "{6CF4E8AB-0014-4FAC-B32B-1857FB68B54D}"
EndProject
Project("{FAE04EC0-301F-11D3-BF4B-00C04F79EFBC}") = "SynSys.GSpreadsheetEasyAccess.Tests", "tests\SynSys.GSpreadsheetEasyAccess.Tests\SynSys.GSpreadsheetEasyAccess.Tests.csproj", "{6AE3FB11-1EC0-4E7A-811E-88A161CCDC9F}"
EndProject
Project("{FAE04EC0-301F-11D3-BF4B-00C04F79EFBC}") = "SheetMergeApp", "examples\SheetMergeApp\SheetMergeApp.csproj", "{473017DE-3C69-4CBB-978D-C661EB5E0ADA}"
EndProject
Global
	GlobalSection(SolutionConfigurationPlatforms) = preSolution
		Debug|Any CPU = Debug|Any CPU
		Release|Any CPU = Release|Any CPU
	EndGlobalSection
	GlobalSection(ProjectConfigurationPlatforms) = postSolution
		{8EE7435F-F9B5-4434-981A-077C73B31351}.Debug|Any CPU.ActiveCfg = Debug|Any CPU
		{8EE7435F-F9B5-4434-981A-077C73B31351}.Debug|Any CPU.Build.0 = Debug|Any CPU
		{8EE7435F-F9B5-4434-981A-077C73B31351}.Release|Any CPU.ActiveCfg = Release|Any CPU
		{8EE7435F-F9B5-4434-981A-077C73B31351}.Release|Any CPU.Build.0 = Release|Any CPU
		{AA13417E-1AC7-493B-8F3C-7E265170235E}.Debug|Any CPU.ActiveCfg = Debug|Any CPU
		{AA13417E-1AC7-493B-8F3C-7E265170235E}.Release|Any CPU.ActiveCfg = Release|Any CPU
		{7329ED5A-BAE7-401D-8832-AFE7529FE5C1}.Debug|Any CPU.ActiveCfg = Debug|Any CPU
		{7329ED5A-BAE7-401D-8832-AFE7529FE5C1}.Debug|Any CPU.Build.0 = Debug|Any CPU
		{7329ED5A-BAE7-401D-8832-AFE7529FE5C1}.Release|Any CPU.ActiveCfg = Release|Any CPU
		{7329ED5A-BAE7-401D-8832-AFE7529FE5C1}.Release|Any CPU.Build.0 = Release|Any CPU
		{F32295A3-6F3D-4D79-8FC8-BB25ABE346E9}.Debug|Any CPU.ActiveCfg = Debug|Any CPU
		{F32295A3-6F3D-4D79-8FC8-BB25ABE346E9}.Debug|Any CPU.Build.0 = Debug|Any CPU
		{F32295A3-6F3D-4D79-8FC8-BB25ABE346E9}.Release|Any CPU.ActiveCfg = Release|Any CPU
		{F32295A3-6F3D-4D79-8FC8-BB25ABE346E9}.Release|Any CPU.Build.0 = Release|Any CPU
		{012DF087-3069-48FC-BE50-F27E6B1E940C}.Debug|Any CPU.ActiveCfg = Debug|Any CPU
		{012DF087-3069-48FC-BE50-F27E6B1E940C}.Debug|Any CPU.Build.0 = Debug|Any CPU
		{012DF087-3069-48FC-BE50-F27E6B1E940C}.Release|Any CPU.ActiveCfg = Release|Any CPU
		{012DF087-3069-48FC-BE50-F27E6B1E940C}.Release|Any CPU.Build.0 = Release|Any CPU
		{14F235BC-153E-4981-AD58-20E3EDD2DFBF}.Debug|Any CPU.ActiveCfg = Debug|Any CPU
		{14F235BC-153E-4981-AD58-20E3EDD2DFBF}.Debug|Any CPU.Build.0 = Debug|Any CPU
		{14F235BC-153E-4981-AD58-20E3EDD2DFBF}.Release|Any CPU.ActiveCfg = Release|Any CPU
		{14F235BC-153E-4981-AD58-20E3EDD2DFBF}.Release|Any CPU.Build.0 = Release|Any CPU
		{6AE3FB11-1EC0-4E7A-811E-88A161CCDC9F}.Debug|Any CPU.ActiveCfg = Debug|Any CPU
		{6AE3FB11-1EC0-4E7A-811E-88A161CCDC9F}.Debug|Any CPU.Build.0 = Debug|Any CPU
		{6AE3FB11-1EC0-4E7A-811E-88A161CCDC9F}.Release|Any CPU.ActiveCfg = Release|Any CPU
		{6AE3FB11-1EC0-4E7A-811E-88A161CCDC9F}.Release|Any CPU.Build.0 = Release|Any CPU
		{473017DE-3C69-4CBB-978D-C661EB5E0ADA}.Debug|Any CPU.ActiveCfg = Debug|Any CPU
		{473017DE-3C69-4CBB-978D-C661EB5E0ADA}.Debug|Any CPU.Build.0 = Debug|Any CPU
		{473017DE-3C69-4CBB-978D-C661EB5E0ADA}.Release|Any CPU.ActiveCfg = Release|Any CPU
		{473017DE-3C69-4CBB-978D-C661EB5E0ADA}.Release|Any CPU.Build.0 = Release|Any CPU
	EndGlobalSection
	GlobalSection(SolutionProperties) = preSolution
		HideSolutionNode = FALSE
	EndGlobalSection
	GlobalSection(NestedProjects) = preSolution
		{8EE7435F-F9B5-4434-981A-077C73B31351} = {21C09F8E-A1B4-4779-8998-14885DDE78FD}
		{AA13417E-1AC7-493B-8F3C-7E265170235E} = {4100EF45-C65E-477F-9549-357E5E12DC5B}
		{7329ED5A-BAE7-401D-8832-AFE7529FE5C1} = {4100EF45-C65E-477F-9549-357E5E12DC5B}
		{F32295A3-6F3D-4D79-8FC8-BB25ABE346E9} = {4100EF45-C65E-477F-9549-357E5E12DC5B}
		{012DF087-3069-48FC-BE50-F27E6B1E940C} = {4100EF45-C65E-477F-9549-357E5E12DC5B}
		{14F235BC-153E-4981-AD58-20E3EDD2DFBF} = {4100EF45-C65E-477F-9549-357E5E12DC5B}
		{6AE3FB11-1EC0-4E7A-811E-88A161CCDC9F} = {6CF4E8AB-0014-4FAC-B32B-1857FB68B54D}
		{473017DE-3C69-4CBB-978D-C661EB5E0ADA} = {4100EF45-C65E-477F-9549-357E5E12DC5B}
	EndGlobalSection
	GlobalSection(ExtensibilityGlobals) = postSolution
		SolutionGuid = {7E026FE4-8101-4170-9E61-F67A73511531}
	EndGlobalSection
EndGlobal
